
Microsoft Visual Studio Solution File, Format Version 12.00
# Visual Studio Version 16
VisualStudioVersion = 16.0.29806.167
MinimumVisualStudioVersion = 10.0.40219.1
Project("{FAE04EC0-301F-11D3-BF4B-00C04F79EFBC}") = "GiteHouse", "GiteHouse.csproj", "{BFCBC99B-464E-426F-9EDF-E576ECD0130B}"
EndProject
Global
	GlobalSection(SolutionConfigurationPlatforms) = preSolution
		Debug|Any CPU = Debug|Any CPU
		Release|Any CPU = Release|Any CPU
	EndGlobalSection
	GlobalSection(ProjectConfigurationPlatforms) = postSolution
		{BFCBC99B-464E-426F-9EDF-E576ECD0130B}.Debug|Any CPU.ActiveCfg = Debug|Any CPU
		{BFCBC99B-464E-426F-9EDF-E576ECD0130B}.Debug|Any CPU.Build.0 = Debug|Any CPU
		{BFCBC99B-464E-426F-9EDF-E576ECD0130B}.Release|Any CPU.ActiveCfg = Release|Any CPU
		{BFCBC99B-464E-426F-9EDF-E576ECD0130B}.Release|Any CPU.Build.0 = Release|Any CPU
	EndGlobalSection
	GlobalSection(SolutionProperties) = preSolution
		HideSolutionNode = FALSE
	EndGlobalSection
	GlobalSection(ExtensibilityGlobals) = postSolution
		SolutionGuid = {C28754AC-CDCD-43B1-837C-6CEE8C7C85B6}
	EndGlobalSection
EndGlobal
